{
	"name": "@ulms/ui-grid",
	"version": "1.0.0",
	"lockfileVersion": 1,
	"requires": true,
	"dependencies": {
		"@babel/runtime": {
			"version": "7.12.13",
			"resolved": "https://registry.npmjs.org/@babel/runtime/-/runtime-7.12.13.tgz",
			"integrity": "sha512-8+3UMPBrjFa/6TtKi/7sehPKqfAm4g6K+YQjyyFOLUTxzOngcRZTlAVY8sc2CORJYqdHQY8gRPHmn+qo15rCBw==",
			"requires": {
				"regenerator-runtime": "^0.13.4"
			}
		},
		"@foxford/foxford-utils": {
			"version": "0.3.8",
			"resolved": "https://registry.npmjs.org/@foxford/foxford-utils/-/foxford-utils-0.3.8.tgz",
			"integrity": "sha512-GzfMuQir1cTVS6F1YVnIL1GxeEqKas/7+4Sv7fbXm1HhuVWK/X6HcryZzwXii9rRz6ZNQRD6k9rdRi2BcmW81w==",
			"requires": {
				"query-string": "^6.2.0"
			}
		},
		"@foxford/ui": {
			"version": "1.8.1",
			"resolved": "https://registry.npmjs.org/@foxford/ui/-/ui-1.8.1.tgz",
			"integrity": "sha512-l4Gsl8bRCVxIfKpU5lHrwgh8BZC67qJQ/ccZVyMUa/jPDYm6o7/wKr6TSGEJHe/bUANfl5PhbcuDV3OHgRmFfw==",
			"requires": {
				"@foxford/foxford-utils": "0.3.8",
				"classnames": "2.2.6",
				"debug": "4.1.1",
				"prop-types": "15.6.2",
				"ramda": "0.26.1",
				"react": "^16.7.0",
				"react-custom-scrollbars": "4.2.1",
				"react-dom": "^16.7.0",
				"react-floater": "0.6.4",
				"react-input-mask": "2.0.4",
				"react-modal": "3.4.4",
				"react-router-dom": "5.1.2",
				"react-select": "1.3.0"
			}
		},
		"add-px-to-style": {
			"version": "1.0.0",
			"resolved": "https://registry.npmjs.org/add-px-to-style/-/add-px-to-style-1.0.0.tgz",
			"integrity": "sha1-0ME1RB+oAUqBN5BFMQlvZ/KPJjo="
		},
		"classnames": {
			"version": "2.2.6",
			"resolved": "https://registry.npmjs.org/classnames/-/classnames-2.2.6.tgz",
			"integrity": "sha512-JR/iSQOSt+LQIWwrwEzJ9uk0xfN3mTVYMwt1Ir5mUcSN6pU+V4zQFFaJsclJbPuAUQH+yfWef6tm7l1quW3C8Q=="
		},
		"classnames-es": {
			"version": "2.2.6",
			"resolved": "https://registry.npmjs.org/classnames-es/-/classnames-es-2.2.6.tgz",
			"integrity": "sha1-IjJ/UBOskLP2jG0B0Tiz8xRDfrw="
		},
		"debug": {
			"version": "4.1.1",
			"resolved": "https://registry.npmjs.org/debug/-/debug-4.1.1.tgz",
			"integrity": "sha512-pYAIzeRo8J6KPEaJ0VWOh5Pzkbw/RetuzehGM7QRRX5he4fPHx2rdKMB256ehJCkX+XRQm16eZLqLNS8RSZXZw==",
			"requires": {
				"ms": "^2.1.1"
			}
		},
		"decode-uri-component": {
			"version": "0.2.0",
			"resolved": "https://registry.npmjs.org/decode-uri-component/-/decode-uri-component-0.2.0.tgz",
			"integrity": "sha1-6zkTMzRYd1y4TNGh+uBiEGu4dUU="
		},
		"deep-diff": {
			"version": "1.0.2",
			"resolved": "https://registry.npmjs.org/deep-diff/-/deep-diff-1.0.2.tgz",
			"integrity": "sha512-aWS3UIVH+NPGCD1kki+DCU9Dua032iSsO43LqQpcs4R3+dVv7tX0qBGjiVHJHjplsoUM2XRO/KB92glqc68awg=="
		},
		"deepmerge": {
			"version": "3.3.0",
			"resolved": "https://registry.npmjs.org/deepmerge/-/deepmerge-3.3.0.tgz",
			"integrity": "sha512-GRQOafGHwMHpjPx9iCvTgpu9NojZ49q794EEL94JVEw6VaeA8XTUyBKvAkOOjBX9oJNiV6G3P+T+tihFjo2TqA=="
		},
		"dom-css": {
			"version": "2.1.0",
			"resolved": "https://registry.npmjs.org/dom-css/-/dom-css-2.1.0.tgz",
			"integrity": "sha1-/bwtWgFdCj4YcuEUcrvQ57nmogI=",
			"requires": {
				"add-px-to-style": "1.0.0",
				"prefix-style": "2.0.1",
				"to-camel-case": "1.0.0"
			}
		},
		"exenv": {
			"version": "1.2.2",
			"resolved": "https://registry.npmjs.org/exenv/-/exenv-1.2.2.tgz",
			"integrity": "sha1-KueOhdmJQVhnCwPUe+wfA72Ru50="
		},
		"filter-obj": {
			"version": "1.1.0",
			"resolved": "https://registry.npmjs.org/filter-obj/-/filter-obj-1.1.0.tgz",
			"integrity": "sha1-mzERErxsYSehbgFsbF1/GeCAXFs="
		},
		"history": {
			"version": "4.10.1",
			"resolved": "https://registry.npmjs.org/history/-/history-4.10.1.tgz",
			"integrity": "sha512-36nwAD620w12kuzPAsyINPWJqlNbij+hpK1k9XRloDtym8mxzGYl2c17LnV6IAGB2Dmg4tEa7G7DlawS0+qjew==",
			"requires": {
				"@babel/runtime": "^7.1.2",
				"loose-envify": "^1.2.0",
				"resolve-pathname": "^3.0.0",
				"tiny-invariant": "^1.0.2",
				"tiny-warning": "^1.0.0",
				"value-equal": "^1.0.1"
			}
		},
		"hoist-non-react-statics": {
			"version": "3.3.2",
			"resolved": "https://registry.npmjs.org/hoist-non-react-statics/-/hoist-non-react-statics-3.3.2.tgz",
			"integrity": "sha512-/gGivxi8JPKWNm/W0jSmzcMPpfpPLc3dY/6GxhX2hQ9iGj3aDfklV4ET7NjKpSinLpJ5vafa9iiGIEZg10SfBw==",
			"requires": {
				"react-is": "^16.7.0"
			}
		},
		"invariant": {
			"version": "2.2.4",
			"resolved": "https://registry.npmjs.org/invariant/-/invariant-2.2.4.tgz",
			"integrity": "sha512-phJfQVBuaJM5raOpJjSfkiD6BpbCE4Ns//LaXl6wGYtUBY83nWS6Rf9tXm2e8VaK60JEjYldbPif/A2B1C2gNA==",
			"requires": {
				"loose-envify": "^1.0.0"
			}
		},
		"is-lite": {
			"version": "0.2.2",
			"resolved": "https://registry.npmjs.org/is-lite/-/is-lite-0.2.2.tgz",
			"integrity": "sha512-CnO9kJOQvaXa9lJK4OSgnpao2XG9EGQHCaaPDCK9gTEqz+duD2hPXtl69Rgq879TUs+76Fuz87XBJ5H9FgYRNA=="
		},
		"isarray": {
			"version": "0.0.1",
			"resolved": "https://registry.npmjs.org/isarray/-/isarray-0.0.1.tgz",
			"integrity": "sha1-ihis/Kmo9Bd+Cav8YDiTmwXR7t8="
		},
		"js-tokens": {
			"version": "4.0.0",
			"resolved": "https://registry.npmjs.org/js-tokens/-/js-tokens-4.0.0.tgz",
			"integrity": "sha512-RdJUflcE3cUzKiMqQgsCu06FPu9UdIJO0beYbPhHN4k6apgJtifcoCtT9bcxOpYBtpD2kCM6Sbzg4CausW/PKQ=="
		},
		"loose-envify": {
			"version": "1.4.0",
			"resolved": "https://registry.npmjs.org/loose-envify/-/loose-envify-1.4.0.tgz",
			"integrity": "sha512-lyuxPGr/Wfhrlem2CL/UcnUc1zcqKAImBDzukY7Y5F/yQiNdko6+fRLevlw1HgMySw7f611UIY408EtxRSoK3Q==",
			"requires": {
				"js-tokens": "^3.0.0 || ^4.0.0"
			}
		},
		"mini-create-react-context": {
			"version": "0.3.3",
			"resolved": "https://registry.npmjs.org/mini-create-react-context/-/mini-create-react-context-0.3.3.tgz",
			"integrity": "sha512-TtF6hZE59SGmS4U8529qB+jJFeW6asTLDIpPgvPLSCsooAwJS7QprHIFTqv9/Qh3NdLwQxFYgiHX5lqb6jqzPA==",
			"requires": {
				"@babel/runtime": "^7.12.1",
				"tiny-warning": "^1.0.3"
			}
		},
		"ms": {
			"version": "2.1.3",
			"resolved": "https://registry.npmjs.org/ms/-/ms-2.1.3.tgz",
			"integrity": "sha512-6FlzubTLZG3J2a/NVCAleEhjzq5oxgHyaCU9yYXvcLsvoVaHJq/s5xXI6/XXP6tz7R9xAOtHnSO/tXtF3WRTlA=="
		},
		"nested-property": {
			"version": "0.0.7",
			"resolved": "https://registry.npmjs.org/nested-property/-/nested-property-0.0.7.tgz",
			"integrity": "sha1-/yIvIzyoeTxoKLQRcJG+pZcTD08="
		},
		"object-assign": {
			"version": "4.1.1",
			"resolved": "https://registry.npmjs.org/object-assign/-/object-assign-4.1.1.tgz",
			"integrity": "sha1-IQmtx5ZYh8/AXLvUQsrIv7s2CGM="
		},
		"path-to-regexp": {
			"version": "1.8.0",
			"resolved": "https://registry.npmjs.org/path-to-regexp/-/path-to-regexp-1.8.0.tgz",
			"integrity": "sha512-n43JRhlUKUAlibEJhPeir1ncUID16QnEjNpwzNdO3Lm4ywrBpBZ5oLD0I6br9evr1Y9JTqwRtAh7JLoOzAQdVA==",
			"requires": {
				"isarray": "0.0.1"
			}
		},
		"performance-now": {
			"version": "2.1.0",
			"resolved": "https://registry.npmjs.org/performance-now/-/performance-now-2.1.0.tgz",
			"integrity": "sha1-Ywn04OX6kT7BxpMHrjZLSzd8nns="
		},
		"popper.js": {
			"version": "1.16.1",
			"resolved": "https://registry.npmjs.org/popper.js/-/popper.js-1.16.1.tgz",
			"integrity": "sha512-Wb4p1J4zyFTbM+u6WuO4XstYx4Ky9Cewe4DWrel7B0w6VVICvPwdOpotjzcf6eD8TsckVnIMNONQyPIUFOUbCQ=="
		},
		"prefix-style": {
			"version": "2.0.1",
			"resolved": "https://registry.npmjs.org/prefix-style/-/prefix-style-2.0.1.tgz",
			"integrity": "sha1-ZrupqHDP2jCKXcIOhekSCTLJWgY="
		},
		"prop-types": {
			"version": "15.6.2",
			"resolved": "https://registry.npmjs.org/prop-types/-/prop-types-15.6.2.tgz",
			"integrity": "sha512-3pboPvLiWD7dkI3qf3KbUe6hKFKa52w+AE0VCqECtf+QHAKgOL37tTaNCnuX1nAAQ4ZhyP+kYVKf8rLmJ/feDQ==",
			"requires": {
				"loose-envify": "^1.3.1",
				"object-assign": "^4.1.1"
			}
		},
		"query-string": {
			"version": "6.14.0",
			"resolved": "https://registry.npmjs.org/query-string/-/query-string-6.14.0.tgz",
			"integrity": "sha512-In3o+lUxlgejoVJgwEdYtdxrmlL0cQWJXj0+kkI7RWVo7hg5AhFtybeKlC9Dpgbr8eOC4ydpEh8017WwyfzqVQ==",
			"requires": {
				"decode-uri-component": "^0.2.0",
				"filter-obj": "^1.1.0",
				"split-on-first": "^1.0.0",
				"strict-uri-encode": "^2.0.0"
			}
		},
		"raf": {
			"version": "3.4.1",
			"resolved": "https://registry.npmjs.org/raf/-/raf-3.4.1.tgz",
			"integrity": "sha512-Sq4CW4QhwOHE8ucn6J34MqtZCeWFP2aQSmrlroYgqAV1PjStIhJXxYuTgUIfkEk7zTLjmIjLmU5q+fbD1NnOJA==",
			"requires": {
				"performance-now": "^2.1.0"
			}
		},
		"ramda": {
			"version": "0.26.1",
			"resolved": "https://registry.npmjs.org/ramda/-/ramda-0.26.1.tgz",
			"integrity": "sha512-hLWjpy7EnsDBb0p+Z3B7rPi3GDeRG5ZtiI33kJhTt+ORCd38AbAIjB/9zRIUoeTbE/AVX5ZkU7m6bznsvrf8eQ=="
		},
		"react": {
			"version": "16.14.0",
			"resolved": "https://registry.npmjs.org/react/-/react-16.14.0.tgz",
			"integrity": "sha512-0X2CImDkJGApiAlcf0ODKIneSwBPhqJawOa5wCtKbu7ZECrmS26NvtSILynQ66cgkT/RJ4LidJOc3bUESwmU8g==",
			"requires": {
				"loose-envify": "^1.1.0",
				"object-assign": "^4.1.1",
				"prop-types": "^15.6.2"
			}
		},
		"react-custom-scrollbars": {
			"version": "4.2.1",
			"resolved": "https://registry.npmjs.org/react-custom-scrollbars/-/react-custom-scrollbars-4.2.1.tgz",
			"integrity": "sha1-gw/ZUCkn6X6KeMIIaBOJmyqLZts=",
			"requires": {
				"dom-css": "^2.0.0",
				"prop-types": "^15.5.10",
				"raf": "^3.1.0"
			}
		},
		"react-dom": {
			"version": "16.14.0",
			"resolved": "https://registry.npmjs.org/react-dom/-/react-dom-16.14.0.tgz",
			"integrity": "sha512-1gCeQXDLoIqMgqD3IO2Ah9bnf0w9kzhwN5q4FGnHZ67hBm9yePzB5JJAIQCc8x3pFnNlwFq4RidZggNAAkzWWw==",
			"requires": {
				"loose-envify": "^1.1.0",
				"object-assign": "^4.1.1",
				"prop-types": "^15.6.2",
				"scheduler": "^0.19.1"
			}
		},
		"react-floater": {
			"version": "0.6.4",
			"resolved": "https://registry.npmjs.org/react-floater/-/react-floater-0.6.4.tgz",
			"integrity": "sha512-KCOUpAnd2Y7u6BtfubZ8QqNuBrf3XWjHRMYXxTZXiubXkgrDVD7ipYxn9vBZ2PrFG8qpL89gB0BZWzQf2keaBw==",
			"requires": {
				"deepmerge": "^3.1.0",
				"exenv": "^1.2.2",
				"is-lite": "^0.2.2",
				"popper.js": "^1.14.7",
				"react-proptype-conditional-require": "^1.0.4",
				"tree-changes": "^0.4.0"
			}
		},
		"react-input-autosize": {
			"version": "2.2.2",
			"resolved": "https://registry.npmjs.org/react-input-autosize/-/react-input-autosize-2.2.2.tgz",
			"integrity": "sha512-jQJgYCA3S0j+cuOwzuCd1OjmBmnZLdqQdiLKRYrsMMzbjUrVDS5RvJUDwJqA7sKuksDuzFtm6hZGKFu7Mjk5aw==",
			"requires": {
				"prop-types": "^15.5.8"
			}
		},
		"react-input-mask": {
			"version": "2.0.4",
			"resolved": "https://registry.npmjs.org/react-input-mask/-/react-input-mask-2.0.4.tgz",
			"integrity": "sha512-1hwzMr/aO9tXfiroiVCx5EtKohKwLk/NT8QlJXHQ4N+yJJFyUuMT+zfTpLBwX/lK3PkuMlievIffncpMZ3HGRQ==",
			"requires": {
				"invariant": "^2.2.4",
				"warning": "^4.0.2"
			}
		},
		"react-is": {
			"version": "16.13.1",
			"resolved": "https://registry.npmjs.org/react-is/-/react-is-16.13.1.tgz",
			"integrity": "sha512-24e6ynE2H+OKt4kqsOvNd8kBpV65zoxbA4BVsEOB3ARVWQki/DHzaUoC5KuON/BiccDaCCTZBuOcfZs70kR8bQ=="
		},
		"react-lifecycles-compat": {
			"version": "3.0.4",
			"resolved": "https://registry.npmjs.org/react-lifecycles-compat/-/react-lifecycles-compat-3.0.4.tgz",
			"integrity": "sha512-fBASbA6LnOU9dOU2eW7aQ8xmYBSXUIWr+UmF9b1efZBazGNO+rcXT/icdKnYm2pTwcRylVUYwW7H1PHfLekVzA=="
		},
		"react-modal": {
			"version": "3.4.4",
			"resolved": "https://registry.npmjs.org/react-modal/-/react-modal-3.4.4.tgz",
			"integrity": "sha512-5VYNvy301Z0xxGBQhPmDdzOcyEkUG8sU7bpRsAPI4OHgEUkbBFrpjzs/ocNI0m824/lOqTxddXzwgmDJXx3s3Q==",
			"requires": {
				"exenv": "^1.2.0",
				"prop-types": "^15.5.10",
				"react-lifecycles-compat": "^3.0.0",
				"warning": "^3.0.0"
			},
			"dependencies": {
				"warning": {
					"version": "3.0.0",
					"resolved": "https://registry.npmjs.org/warning/-/warning-3.0.0.tgz",
					"integrity": "sha1-MuU3fLVy3kqwR1O9+IIcAe1gW3w=",
					"requires": {
						"loose-envify": "^1.0.0"
					}
				}
			}
		},
		"react-proptype-conditional-require": {
			"version": "1.0.4",
			"resolved": "https://registry.npmjs.org/react-proptype-conditional-require/-/react-proptype-conditional-require-1.0.4.tgz",
			"integrity": "sha1-acLVdB5t9eCPIw82u8KUTuEiJVU="
		},
		"react-router": {
			"version": "5.1.2",
			"resolved": "https://registry.npmjs.org/react-router/-/react-router-5.1.2.tgz",
			"integrity": "sha512-yjEuMFy1ONK246B+rsa0cUam5OeAQ8pyclRDgpxuSCrAlJ1qN9uZ5IgyKC7gQg0w8OM50NXHEegPh/ks9YuR2A==",
			"requires": {
				"@babel/runtime": "^7.1.2",
				"history": "^4.9.0",
				"hoist-non-react-statics": "^3.1.0",
				"loose-envify": "^1.3.1",
				"mini-create-react-context": "^0.3.0",
				"path-to-regexp": "^1.7.0",
				"prop-types": "^15.6.2",
				"react-is": "^16.6.0",
				"tiny-invariant": "^1.0.2",
				"tiny-warning": "^1.0.0"
			}
		},
		"react-router-dom": {
			"version": "5.1.2",
			"resolved": "https://registry.npmjs.org/react-router-dom/-/react-router-dom-5.1.2.tgz",
			"integrity": "sha512-7BPHAaIwWpZS074UKaw1FjVdZBSVWEk8IuDXdB+OkLb8vd/WRQIpA4ag9WQk61aEfQs47wHyjWUoUGGZxpQXew==",
			"requires": {
				"@babel/runtime": "^7.1.2",
				"history": "^4.9.0",
				"loose-envify": "^1.3.1",
				"prop-types": "^15.6.2",
				"react-router": "5.1.2",
				"tiny-invariant": "^1.0.2",
				"tiny-warning": "^1.0.0"
			}
		},
		"react-select": {
			"version": "1.3.0",
			"resolved": "https://registry.npmjs.org/react-select/-/react-select-1.3.0.tgz",
			"integrity": "sha512-g/QAU1HZrzSfxkwMAo/wzi6/ezdWye302RGZevsATec07hI/iSxcpB1hejFIp7V63DJ8mwuign6KmB3VjdlinQ==",
			"requires": {
				"classnames": "^2.2.4",
				"prop-types": "^15.5.8",
				"react-input-autosize": "^2.1.2"
			}
		},
		"regenerator-runtime": {
			"version": "0.13.7",
			"resolved": "https://registry.npmjs.org/regenerator-runtime/-/regenerator-runtime-0.13.7.tgz",
			"integrity": "sha512-a54FxoJDIr27pgf7IgeQGxmqUNYrcV338lf/6gH456HZ/PhX+5BcwHXG9ajESmwe6WRO0tAzRUrRmNONWgkrew=="
		},
		"resolve-pathname": {
			"version": "3.0.0",
			"resolved": "https://registry.npmjs.org/resolve-pathname/-/resolve-pathname-3.0.0.tgz",
			"integrity": "sha512-C7rARubxI8bXFNB/hqcp/4iUeIXJhJZvFPFPiSPRnhU5UPxzMFIl+2E6yY6c4k9giDJAhtV+enfA+G89N6Csng=="
		},
		"scheduler": {
			"version": "0.19.1",
			"resolved": "https://registry.npmjs.org/scheduler/-/scheduler-0.19.1.tgz",
			"integrity": "sha512-n/zwRWRYSUj0/3g/otKDRPMh6qv2SYMWNq85IEa8iZyAv8od9zDYpGSnpBEjNgcMNq6Scbu5KfIPxNF72R/2EA==",
			"requires": {
				"loose-envify": "^1.1.0",
				"object-assign": "^4.1.1"
			}
		},
		"split-on-first": {
			"version": "1.1.0",
			"resolved": "https://registry.npmjs.org/split-on-first/-/split-on-first-1.1.0.tgz",
			"integrity": "sha512-43ZssAJaMusuKWL8sKUBQXHWOpq8d6CfN/u1p4gUzfJkM05C8rxTmYrkIPTXapZpORA6LkkzcUulJ8FqA7Uudw=="
		},
		"strict-uri-encode": {
			"version": "2.0.0",
			"resolved": "https://registry.npmjs.org/strict-uri-encode/-/strict-uri-encode-2.0.0.tgz",
			"integrity": "sha1-ucczDHBChi9rFC3CdLvMWGbONUY="
		},
		"tiny-invariant": {
			"version": "1.1.0",
			"resolved": "https://registry.npmjs.org/tiny-invariant/-/tiny-invariant-1.1.0.tgz",
			"integrity": "sha512-ytxQvrb1cPc9WBEI/HSeYYoGD0kWnGEOR8RY6KomWLBVhqz0RgTwVO9dLrGz7dC+nN9llyI7OKAgRq8Vq4ZBSw=="
		},
		"tiny-warning": {
			"version": "1.0.3",
			"resolved": "https://registry.npmjs.org/tiny-warning/-/tiny-warning-1.0.3.tgz",
			"integrity": "sha512-lBN9zLN/oAf68o3zNXYrdCt1kP8WsiGW8Oo2ka41b2IM5JL/S1CTyX1rW0mb/zSuJun0ZUrDxx4sqvYS2FWzPA=="
		},
		"to-camel-case": {
			"version": "1.0.0",
			"resolved": "https://registry.npmjs.org/to-camel-case/-/to-camel-case-1.0.0.tgz",
			"integrity": "sha1-GlYFSy+daWKYzmamCJcyK29CPkY=",
			"requires": {
				"to-space-case": "^1.0.0"
			}
		},
		"to-no-case": {
			"version": "1.0.2",
			"resolved": "https://registry.npmjs.org/to-no-case/-/to-no-case-1.0.2.tgz",
			"integrity": "sha1-xyKQcWTvaxeBMsjmmTAhLRtKoWo="
		},
		"to-space-case": {
			"version": "1.0.0",
			"resolved": "https://registry.npmjs.org/to-space-case/-/to-space-case-1.0.0.tgz",
			"integrity": "sha1-sFLar7Gysp3HcM6gFj5ewOvJ/Bc=",
			"requires": {
				"to-no-case": "^1.0.0"
			}
		},
		"tree-changes": {
			"version": "0.4.0",
			"resolved": "https://registry.npmjs.org/tree-changes/-/tree-changes-0.4.0.tgz",
			"integrity": "sha512-ayVwCHFCCm2LtaEqf2cbgt9Em8QTnn6nIMFZErAE4XwdPawRmSSE+AUUrt6MZmwxPqELSH3ZAcOTOkpIvCxhew==",
			"requires": {
				"deep-diff": "^1.0.2",
				"nested-property": "0.0.7"
			}
		},
		"value-equal": {
			"version": "1.0.1",
			"resolved": "https://registry.npmjs.org/value-equal/-/value-equal-1.0.1.tgz",
			"integrity": "sha512-NOJ6JZCAWr0zlxZt+xqCHNTEKOsrks2HQd4MqhP1qy4z1SkbEP467eNx6TgDKXMvUOb+OENfJCZwM+16n7fRfw=="
		},
		"warning": {
			"version": "4.0.3",
			"resolved": "https://registry.npmjs.org/warning/-/warning-4.0.3.tgz",
			"integrity": "sha512-rpJyN222KWIvHJ/F53XSZv0Zl/accqHR8et1kpaMTD/fLCRxtV8iX8czMzY7sVZupTI3zcUTg8eycS2kNF9l6w==",
			"requires": {
				"loose-envify": "^1.0.0"
			}
		}
	}
}
