{
	"name": "@ulms/ui-presentation",
	"version": "1.4.2-dev.0-ulms-1998",
	"lockfileVersion": 1,
	"requires": true,
	"dependencies": {
		"@formatjs/ecma402-abstract": {
			"version": "1.10.0",
			"resolved": "https://registry.npmjs.org/@formatjs/ecma402-abstract/-/ecma402-abstract-1.10.0.tgz",
			"integrity": "sha512-WNkcUHC6xw12rWY87TUw6KXzb1LnOooYBLLqtyn1kW2j197rcwpqmUOJMBED56YcLzaJPfVw1L2ShiDhL5pVnQ==",
			"requires": {
				"@formatjs/intl-localematcher": "0.2.21",
				"tslib": "^2.1.0"
			}
		},
		"@formatjs/fast-memoize": {
			"version": "1.2.0",
			"resolved": "https://registry.npmjs.org/@formatjs/fast-memoize/-/fast-memoize-1.2.0.tgz",
			"integrity": "sha512-fObitP9Tlc31SKrPHgkPgQpGo4+4yXfQQITTCNH8AZdEqB7Mq4nPrjpUL/tNGN3lEeJcFxDbi0haX8HM7QvQ8w==",
			"requires": {
				"tslib": "^2.1.0"
			}
		},
		"@formatjs/icu-messageformat-parser": {
			"version": "2.0.14",
			"resolved": "https://registry.npmjs.org/@formatjs/icu-messageformat-parser/-/icu-messageformat-parser-2.0.14.tgz",
			"integrity": "sha512-M79MdUMLnfLK8eMrznUwke6afH9G/eOQeYvMUJ7uElXIL+//PyyjOzb42hAYfDAGYsAcKA2TsUo33Yuy2lE4AQ==",
			"requires": {
				"@formatjs/ecma402-abstract": "1.10.0",
				"@formatjs/icu-skeleton-parser": "1.3.1",
				"tslib": "^2.1.0"
			}
		},
		"@formatjs/icu-skeleton-parser": {
			"version": "1.3.1",
			"resolved": "https://registry.npmjs.org/@formatjs/icu-skeleton-parser/-/icu-skeleton-parser-1.3.1.tgz",
			"integrity": "sha512-WdPNjhv9e7EfyrIVYk6hN6/mC9YF+PcfFViDI2kATwoi1uKHr+AkQCMoNrWyCDdUQ+Dn50mQOlrEkCBXoLrkPQ==",
			"requires": {
				"@formatjs/ecma402-abstract": "1.10.0",
				"tslib": "^2.1.0"
			}
		},
		"@formatjs/intl": {
			"version": "1.15.0",
			"resolved": "https://registry.npmjs.org/@formatjs/intl/-/intl-1.15.0.tgz",
			"integrity": "sha512-8apTN/j7+pF02U1pUbsORgvWHjVEXH6eXj1y1iw/bbPoVWqfTsUSj/u9hL9MMoLI04RnOQiuK2nIh0cKeOnh1Q==",
			"requires": {
				"@formatjs/ecma402-abstract": "1.10.0",
				"@formatjs/fast-memoize": "1.2.0",
				"@formatjs/icu-messageformat-parser": "2.0.14",
				"@formatjs/intl-displaynames": "5.2.5",
				"@formatjs/intl-listformat": "6.3.5",
				"intl-messageformat": "9.9.4",
				"tslib": "^2.1.0"
			}
		},
		"@formatjs/intl-displaynames": {
			"version": "5.2.5",
			"resolved": "https://registry.npmjs.org/@formatjs/intl-displaynames/-/intl-displaynames-5.2.5.tgz",
			"integrity": "sha512-iYlce/hG31ohJOwpv3yhOiEIwEBMqOt2kzA2BQTx1ra8ferBn4WlTxkouoDNiAKEBD1LFYZBIC25jsSJUJOEbg==",
			"requires": {
				"@formatjs/ecma402-abstract": "1.10.0",
				"@formatjs/intl-localematcher": "0.2.21",
				"tslib": "^2.1.0"
			}
		},
		"@formatjs/intl-listformat": {
			"version": "6.3.5",
			"resolved": "https://registry.npmjs.org/@formatjs/intl-listformat/-/intl-listformat-6.3.5.tgz",
			"integrity": "sha512-GtiMMx5RB/gID7ydGr+i1lRbGu728plTfT196X151cE2PYEqC05BEuHQFlE1rcUGC2+RfFqlvmipYcbOqJTQug==",
			"requires": {
				"@formatjs/ecma402-abstract": "1.10.0",
				"@formatjs/intl-localematcher": "0.2.21",
				"tslib": "^2.1.0"
			}
		},
		"@formatjs/intl-localematcher": {
			"version": "0.2.21",
			"resolved": "https://registry.npmjs.org/@formatjs/intl-localematcher/-/intl-localematcher-0.2.21.tgz",
			"integrity": "sha512-JTJeLiNwexN4Gy0cMxoUPvJbKhXdnSuo5jPrDafEZpnDWlJ5VDYta8zUVVozO/pwzEmFVHEUpgiEDj+39L4oMg==",
			"requires": {
				"tslib": "^2.1.0"
			}
		},
		"@types/hoist-non-react-statics": {
			"version": "3.3.1",
			"resolved": "https://registry.npmjs.org/@types/hoist-non-react-statics/-/hoist-non-react-statics-3.3.1.tgz",
			"integrity": "sha512-iMIqiko6ooLrTh1joXodJK5X9xeEALT1kM5G3ZLhD3hszxBdIEd5C75U834D9mLcINgD4OyZf5uQXjkuYydWvA==",
			"requires": {
				"@types/react": "*",
				"hoist-non-react-statics": "^3.3.0"
			}
		},
		"@types/prop-types": {
			"version": "15.7.4",
			"resolved": "https://registry.npmjs.org/@types/prop-types/-/prop-types-15.7.4.tgz",
			"integrity": "sha512-rZ5drC/jWjrArrS8BR6SIr4cWpW09RNTYt9AMZo3Jwwif+iacXAqgVjm0B0Bv/S1jhDXKHqRVNCbACkJ89RAnQ=="
		},
		"@types/react": {
			"version": "17.0.33",
			"resolved": "https://registry.npmjs.org/@types/react/-/react-17.0.33.tgz",
			"integrity": "sha512-pLWntxXpDPaU+RTAuSGWGSEL2FRTNyRQOjSWDke/rxRg14ncsZvx8AKWMWZqvc1UOaJIAoObdZhAWvRaHFi5rw==",
			"requires": {
				"@types/prop-types": "*",
				"@types/scheduler": "*",
				"csstype": "^3.0.2"
			}
		},
		"@types/scheduler": {
			"version": "0.16.2",
			"resolved": "https://registry.npmjs.org/@types/scheduler/-/scheduler-0.16.2.tgz",
			"integrity": "sha512-hppQEBDmlwhFAXKJX2KnWLYu5yMfi91yazPb2l+lbJiwW+wdo1gNeRA+3RgNSO39WYX2euey41KEwnqesU2Jew=="
		},
		"@ulms/ui-icons": {
			"version": "1.0.0",
			"resolved": "https://registry.npmjs.org/@ulms/ui-icons/-/ui-icons-1.0.0.tgz",
			"integrity": "sha512-LKASyGORCG4hpR/uSiFw2I2Y8DtGe2ngKq1FFRhWcBzN++WrY2PdQrvDQJCAr86QriTdcfap+QRF35XHfmilAQ==",
			"requires": {
				"classnames-es": "^2.2.6",
				"react": "^16.12.0"
			}
		},
		"@ulms/ui-spinner": {
			"version": "1.0.0",
			"resolved": "https://registry.npmjs.org/@ulms/ui-spinner/-/ui-spinner-1.0.0.tgz",
			"integrity": "sha512-RV+JkIR9ElkciA6WgqxpF0cXEKegw8qxZojszlgnnjPX3eEUOAS6u3sz4TOjqUuAizisw0cf8z/9gHRE5lzGag==",
			"requires": {
				"@ulms/ui-icons": "^1.0.0",
				"classnames-es": "^2.2.6",
				"react": "^16.12.0"
			}
		},
		"ajv": {
			"version": "6.12.6",
			"resolved": "https://registry.npmjs.org/ajv/-/ajv-6.12.6.tgz",
			"integrity": "sha512-j3fVLgvTo527anyYyJOGTYJbG+vnnQYvE0m5mmkc1TK+nxAppkCLMIL0aZ4dblVCNoGShhm+kzE4ZUykBoMg4g==",
			"requires": {
				"fast-deep-equal": "^3.1.1",
				"fast-json-stable-stringify": "^2.0.0",
				"json-schema-traverse": "^0.4.1",
				"uri-js": "^4.2.2"
			}
		},
		"ajv-keywords": {
			"version": "3.5.2",
			"resolved": "https://registry.npmjs.org/ajv-keywords/-/ajv-keywords-3.5.2.tgz",
			"integrity": "sha512-5p6WTN0DdTGVQk6VjcEju19IgaHudalcfabD7yhDGeA6bcQnmL+CpveLJq/3hvfwd1aof6L386Ougkx6RfyMIQ=="
		},
		"batch-processor": {
			"version": "1.0.0",
			"resolved": "https://registry.npmjs.org/batch-processor/-/batch-processor-1.0.0.tgz",
			"integrity": "sha1-dclcMrdI4IUNEMKxaPa9vpiRrOg="
		},
		"big.js": {
			"version": "5.2.2",
			"resolved": "https://registry.npmjs.org/big.js/-/big.js-5.2.2.tgz",
			"integrity": "sha512-vyL2OymJxmarO8gxMr0mhChsO9QGwhynfuu4+MHTAW6czfq9humCB7rKpUjDd9YUiDPU4mzpyupFSvOClAwbmQ=="
		},
		"classnames-es": {
			"version": "2.2.6",
			"resolved": "https://registry.npmjs.org/classnames-es/-/classnames-es-2.2.6.tgz",
			"integrity": "sha1-IjJ/UBOskLP2jG0B0Tiz8xRDfrw="
		},
		"compute-scroll-into-view": {
			"version": "1.0.11",
			"resolved": "https://registry.npmjs.org/compute-scroll-into-view/-/compute-scroll-into-view-1.0.11.tgz",
			"integrity": "sha512-uUnglJowSe0IPmWOdDtrlHXof5CTIJitfJEyITHBW6zDVOGu9Pjk5puaLM73SLcwak0L4hEjO7Td88/a6P5i7A=="
		},
		"csstype": {
			"version": "3.0.9",
			"resolved": "https://registry.npmjs.org/csstype/-/csstype-3.0.9.tgz",
			"integrity": "sha512-rpw6JPxK6Rfg1zLOYCSwle2GFOOsnjmDYDaBwEcwoOg4qlsIVCN789VkBZDJAGi4T07gI4YSutR43t9Zz4Lzuw=="
		},
		"element-resize-detector": {
			"version": "1.2.2",
			"resolved": "https://registry.npmjs.org/element-resize-detector/-/element-resize-detector-1.2.2.tgz",
			"integrity": "sha512-+LOXRkCJc4I5WhEJxIDjhmE3raF8jtOMBDqSCgZTMz2TX3oXAX5pE2+MDeopJlGdXzP7KzPbBJaUGfNaP9HG4A==",
			"requires": {
				"batch-processor": "1.0.0"
			}
		},
		"emojis-list": {
			"version": "3.0.0",
			"resolved": "https://registry.npmjs.org/emojis-list/-/emojis-list-3.0.0.tgz",
			"integrity": "sha512-/kyM18EfinwXZbno9FyUGeFh87KC8HRQBQGildHZbEuRyWFOmv1U10o9BBp8XVZDVNNuQKyIGIu5ZYAAXJ0V2Q=="
		},
		"fast-deep-equal": {
			"version": "3.1.3",
			"resolved": "https://registry.npmjs.org/fast-deep-equal/-/fast-deep-equal-3.1.3.tgz",
			"integrity": "sha512-f3qQ9oQy9j2AhBe/H9VC91wLmKBCCU/gDOnKNAYG5hswO7BLKj09Hc5HYNz9cGI++xlpDCIgDaitVs03ATR84Q=="
		},
		"fast-json-stable-stringify": {
			"version": "2.1.0",
			"resolved": "https://registry.npmjs.org/fast-json-stable-stringify/-/fast-json-stable-stringify-2.1.0.tgz",
			"integrity": "sha512-lhd/wF+Lk98HZoTCtlVraHtfh5XYijIjalXck7saUtuanSDyLMxnHhSXEDJqHxD7msR8D0uCmqlkwjCV8xvwHw=="
		},
		"hoist-non-react-statics": {
			"version": "3.3.2",
			"resolved": "https://registry.npmjs.org/hoist-non-react-statics/-/hoist-non-react-statics-3.3.2.tgz",
			"integrity": "sha512-/gGivxi8JPKWNm/W0jSmzcMPpfpPLc3dY/6GxhX2hQ9iGj3aDfklV4ET7NjKpSinLpJ5vafa9iiGIEZg10SfBw==",
			"requires": {
				"react-is": "^16.7.0"
			}
		},
		"intl-messageformat": {
			"version": "9.9.4",
			"resolved": "https://registry.npmjs.org/intl-messageformat/-/intl-messageformat-9.9.4.tgz",
			"integrity": "sha512-+Mz5LMTV+JCybFBym69z+XnE47wnIjHC31Jz7We6SE0yKyjf/neaWAFz8teuT6OUw/AW3Orr5LO4SHVNXl5keg==",
			"requires": {
				"@formatjs/fast-memoize": "1.2.0",
				"@formatjs/icu-messageformat-parser": "2.0.14",
				"tslib": "^2.1.0"
			}
		},
		"invariant": {
			"version": "2.2.4",
			"resolved": "https://registry.npmjs.org/invariant/-/invariant-2.2.4.tgz",
			"integrity": "sha512-phJfQVBuaJM5raOpJjSfkiD6BpbCE4Ns//LaXl6wGYtUBY83nWS6Rf9tXm2e8VaK60JEjYldbPif/A2B1C2gNA==",
			"requires": {
				"loose-envify": "^1.0.0"
			}
		},
		"js-tokens": {
			"version": "4.0.0",
			"resolved": "https://registry.npmjs.org/js-tokens/-/js-tokens-4.0.0.tgz",
			"integrity": "sha512-RdJUflcE3cUzKiMqQgsCu06FPu9UdIJO0beYbPhHN4k6apgJtifcoCtT9bcxOpYBtpD2kCM6Sbzg4CausW/PKQ=="
		},
		"json-schema-traverse": {
			"version": "0.4.1",
			"resolved": "https://registry.npmjs.org/json-schema-traverse/-/json-schema-traverse-0.4.1.tgz",
			"integrity": "sha512-xbbCH5dCYU5T8LcEhhuh7HJ88HXuW3qsI3Y0zOZFKfZEHcpWiHU/Jxzk629Brsab/mMiHQti9wMP+845RPe3Vg=="
		},
		"json5": {
			"version": "1.0.1",
			"resolved": "https://registry.npmjs.org/json5/-/json5-1.0.1.tgz",
			"integrity": "sha512-aKS4WQjPenRxiQsC93MNfjx+nbF4PAdYzmd/1JIj8HYzqfbu86beTuNgXDzPknWk0n0uARlyewZo4s++ES36Ow==",
			"requires": {
				"minimist": "^1.2.0"
			}
		},
		"loader-utils": {
			"version": "1.4.0",
			"resolved": "https://registry.npmjs.org/loader-utils/-/loader-utils-1.4.0.tgz",
			"integrity": "sha512-qH0WSMBtn/oHuwjy/NucEgbx5dbxxnxup9s4PVXJUDHZBQY+s0NWA9rJf53RBnQZxfch7euUui7hpoAPvALZdA==",
			"requires": {
				"big.js": "^5.2.2",
				"emojis-list": "^3.0.0",
				"json5": "^1.0.1"
			}
		},
		"lodash": {
			"version": "4.17.21",
			"resolved": "https://registry.npmjs.org/lodash/-/lodash-4.17.21.tgz",
			"integrity": "sha512-v2kDEe57lecTulaDIuNTPy3Ry4gLGJ6Z1O3vE1krgXZNrsQ+LFTGHVxVjcXPs17LhbZVGedAJv8XZ1tvj5FvSg=="
		},
		"loose-envify": {
			"version": "1.4.0",
			"resolved": "https://registry.npmjs.org/loose-envify/-/loose-envify-1.4.0.tgz",
			"integrity": "sha512-lyuxPGr/Wfhrlem2CL/UcnUc1zcqKAImBDzukY7Y5F/yQiNdko6+fRLevlw1HgMySw7f611UIY408EtxRSoK3Q==",
			"requires": {
				"js-tokens": "^3.0.0 || ^4.0.0"
			}
		},
		"minimist": {
			"version": "1.2.6",
			"resolved": "https://registry.npmjs.org/minimist/-/minimist-1.2.6.tgz",
			"integrity": "sha512-Jsjnk4bw3YJqYzbdyBiNsPWHPfO++UGG749Cxs6peCu5Xg4nrena6OVxOYxrQTqww0Jmwt+Ref8rggumkTLz9Q=="
		},
		"node-ensure": {
			"version": "0.0.0",
			"resolved": "https://registry.npmjs.org/node-ensure/-/node-ensure-0.0.0.tgz",
			"integrity": "sha1-7K52QVDemYYexcgQ/V0Jaxg5Mqc="
		},
		"object-assign": {
			"version": "4.1.1",
			"resolved": "https://registry.npmjs.org/object-assign/-/object-assign-4.1.1.tgz",
			"integrity": "sha1-IQmtx5ZYh8/AXLvUQsrIv7s2CGM="
		},
		"pdfjs-dist": {
			"version": "2.0.943",
			"resolved": "https://registry.npmjs.org/pdfjs-dist/-/pdfjs-dist-2.0.943.tgz",
			"integrity": "sha512-iLhNcm4XceTHRaSU5o22ZGCm4YpuW5+rf4+BJFH/feBhMQLbCGBry+Jet8Q419QDI4qgARaIQzXuiNrsNWS8Yw==",
			"requires": {
				"node-ensure": "^0.0.0",
				"worker-loader": "^2.0.0"
			}
		},
		"prop-types": {
			"version": "15.7.2",
			"resolved": "https://registry.npmjs.org/prop-types/-/prop-types-15.7.2.tgz",
			"integrity": "sha512-8QQikdH7//R2vurIJSutZ1smHYTcLpRWEOlHnzcWHmBYrOGUysKwSsrC89BCiFj3CbrfJ/nXFdJepOVrY1GCHQ==",
			"requires": {
				"loose-envify": "^1.4.0",
				"object-assign": "^4.1.1",
				"react-is": "^16.8.1"
			}
		},
		"punycode": {
			"version": "2.1.1",
			"resolved": "https://registry.npmjs.org/punycode/-/punycode-2.1.1.tgz",
			"integrity": "sha512-XRsRjdf+j5ml+y/6GKHPZbrF/8p2Yga0JPtdqTIY2Xe5ohJPD9saDJJLPvp9+NSBprVvevdXZybnj2cv8OEd0A=="
		},
		"react": {
			"version": "16.14.0",
			"resolved": "https://registry.npmjs.org/react/-/react-16.14.0.tgz",
			"integrity": "sha512-0X2CImDkJGApiAlcf0ODKIneSwBPhqJawOa5wCtKbu7ZECrmS26NvtSILynQ66cgkT/RJ4LidJOc3bUESwmU8g==",
			"requires": {
				"loose-envify": "^1.1.0",
				"object-assign": "^4.1.1",
				"prop-types": "^15.6.2"
			}
		},
		"react-dom": {
			"version": "16.14.0",
			"resolved": "https://registry.npmjs.org/react-dom/-/react-dom-16.14.0.tgz",
			"integrity": "sha512-1gCeQXDLoIqMgqD3IO2Ah9bnf0w9kzhwN5q4FGnHZ67hBm9yePzB5JJAIQCc8x3pFnNlwFq4RidZggNAAkzWWw==",
			"requires": {
				"loose-envify": "^1.1.0",
				"object-assign": "^4.1.1",
				"prop-types": "^15.6.2",
				"scheduler": "^0.19.1"
			}
		},
		"react-intl": {
			"version": "5.21.0",
			"resolved": "https://registry.npmjs.org/react-intl/-/react-intl-5.21.0.tgz",
			"integrity": "sha512-tRXg0JrMFpHgOokj+gFXvEbm4ZEePnidfVWFh3fbYc2FlJGnwxLjsvzCvRVv2qyNMHCy8xX6frRGe52WDOiYOg==",
			"requires": {
				"@formatjs/ecma402-abstract": "1.10.0",
				"@formatjs/icu-messageformat-parser": "2.0.14",
				"@formatjs/intl": "1.15.0",
				"@formatjs/intl-displaynames": "5.2.5",
				"@formatjs/intl-listformat": "6.3.5",
				"@types/hoist-non-react-statics": "^3.3.1",
				"@types/react": "16 || 17",
				"hoist-non-react-statics": "^3.3.2",
				"intl-messageformat": "9.9.4",
				"tslib": "^2.1.0"
			}
		},
		"react-is": {
			"version": "16.13.1",
			"resolved": "https://registry.npmjs.org/react-is/-/react-is-16.13.1.tgz",
			"integrity": "sha512-24e6ynE2H+OKt4kqsOvNd8kBpV65zoxbA4BVsEOB3ARVWQki/DHzaUoC5KuON/BiccDaCCTZBuOcfZs70kR8bQ=="
		},
		"react-sizeme": {
			"version": "2.6.7",
			"resolved": "https://registry.npmjs.org/react-sizeme/-/react-sizeme-2.6.7.tgz",
			"integrity": "sha512-xCjPoBP5jmeW58TxIkcviMZqabZis7tTvDFWf0/Wa5XCgVWQTIe74NQBes2N1Kmp64GRLkpm60BaP0kk+v8aCQ==",
			"requires": {
				"element-resize-detector": "^1.1.15",
				"invariant": "^2.2.4",
				"shallowequal": "^1.1.0",
				"throttle-debounce": "^2.1.0"
			}
		},
		"react-visibility-sensor": {
			"version": "5.0.2",
			"resolved": "https://registry.npmjs.org/react-visibility-sensor/-/react-visibility-sensor-5.0.2.tgz",
			"integrity": "sha512-7+1lr7oQOO2vKr5u/uxoDGFWAAy7lsDy2aJU3Zy1/OymI+TRqOBk8m2L8YE1B0UyfCDWxVAWO+aifVGqNOvqeQ==",
			"requires": {
				"prop-types": "^15.6.2"
			}
		},
		"scheduler": {
			"version": "0.19.1",
			"resolved": "https://registry.npmjs.org/scheduler/-/scheduler-0.19.1.tgz",
			"integrity": "sha512-n/zwRWRYSUj0/3g/otKDRPMh6qv2SYMWNq85IEa8iZyAv8od9zDYpGSnpBEjNgcMNq6Scbu5KfIPxNF72R/2EA==",
			"requires": {
				"loose-envify": "^1.1.0",
				"object-assign": "^4.1.1"
			}
		},
		"schema-utils": {
			"version": "0.4.7",
			"resolved": "https://registry.npmjs.org/schema-utils/-/schema-utils-0.4.7.tgz",
			"integrity": "sha512-v/iwU6wvwGK8HbU9yi3/nhGzP0yGSuhQMzL6ySiec1FSrZZDkhm4noOSWzrNFo/jEc+SJY6jRTwuwbSXJPDUnQ==",
			"requires": {
				"ajv": "^6.1.0",
				"ajv-keywords": "^3.1.0"
			}
		},
		"scroll-into-view-if-needed": {
			"version": "2.2.20",
			"resolved": "https://registry.npmjs.org/scroll-into-view-if-needed/-/scroll-into-view-if-needed-2.2.20.tgz",
			"integrity": "sha512-P9kYMrhi9f6dvWwTGpO5I3HgjSU/8Mts7xL3lkoH5xlewK7O9Obdc5WmMCzppln7bCVGNmf3qfoZXrpCeyNJXw==",
			"requires": {
				"compute-scroll-into-view": "1.0.11"
			}
		},
		"shallowequal": {
			"version": "1.1.0",
			"resolved": "https://registry.npmjs.org/shallowequal/-/shallowequal-1.1.0.tgz",
			"integrity": "sha512-y0m1JoUZSlPAjXVtPPW70aZWfIL/dSP7AFkRnniLCrK/8MDKog3TySTBmckD+RObVxH0v4Tox67+F14PdED2oQ=="
		},
		"throttle-debounce": {
			"version": "2.3.0",
			"resolved": "https://registry.npmjs.org/throttle-debounce/-/throttle-debounce-2.3.0.tgz",
			"integrity": "sha512-H7oLPV0P7+jgvrk+6mwwwBDmxTaxnu9HMXmloNLXwnNO0ZxZ31Orah2n8lU1eMPvsaowP2CX+USCgyovXfdOFQ=="
		},
		"tslib": {
			"version": "2.3.1",
			"resolved": "https://registry.npmjs.org/tslib/-/tslib-2.3.1.tgz",
			"integrity": "sha512-77EbyPPpMz+FRFRuAFlWMtmgUWGe9UOG2Z25NqCwiIjRhOf5iKGuzSe5P2w1laq+FkRy4p+PCuVkJSGkzTEKVw=="
		},
		"uri-js": {
			"version": "4.4.1",
			"resolved": "https://registry.npmjs.org/uri-js/-/uri-js-4.4.1.tgz",
			"integrity": "sha512-7rKUyy33Q1yc98pQ1DAmLtwX109F7TIfWlW1Ydo8Wl1ii1SeHieeh0HHfPeL2fMXK6z0s8ecKs9frCuLJvndBg==",
			"requires": {
				"punycode": "^2.1.0"
			}
		},
		"worker-loader": {
			"version": "2.0.0",
			"resolved": "https://registry.npmjs.org/worker-loader/-/worker-loader-2.0.0.tgz",
			"integrity": "sha512-tnvNp4K3KQOpfRnD20m8xltE3eWh89Ye+5oj7wXEEHKac1P4oZ6p9oTj8/8ExqoSBnk9nu5Pr4nKfQ1hn2APJw==",
			"requires": {
				"loader-utils": "^1.0.0",
				"schema-utils": "^0.4.0"
			}
		}
	}
}
