{
  "name": "@ulms/tgs-player",
  "version": "1.0.0-dev.2",
  "lockfileVersion": 2,
  "requires": true,
  "packages": {
    "": {
      "name": "@ulms/tgs-player",
      "version": "1.0.0-dev.2",
      "license": "MIT",
      "devDependencies": {
        "react": "^16.14 || 17 || 18"
      },
      "peerDependencies": {
        "@lottiefiles/lottie-interactivity": "~1.6.2",
        "@lottiefiles/lottie-player": "~2.0.2",
        "react": "^16.14 || 17 || 18",
        "react-dom": "^16.14 || 17 || 18"
      }
    },
    "node_modules/@lit-labs/ssr-dom-shim": {
      "version": "1.1.2",
      "license": "BSD-3-Clause",
      "peer": true
    },
    "node_modules/@lit/reactive-element": {
      "version": "1.6.3",
      "license": "BSD-3-Clause",
      "peer": true,
      "dependencies": {
        "@lit-labs/ssr-dom-shim": "^1.0.0"
      }
    },
    "node_modules/@lottiefiles/lottie-interactivity": {
      "version": "1.6.2",
      "license": "MIT",
      "peer": true,
      "dependencies": {
        "core-js": "3"
      }
    },
    "node_modules/@lottiefiles/lottie-player": {
      "version": "2.0.3",
      "license": "MIT",
      "peer": true,
      "dependencies": {
        "@types/pako": "^1.0.1",
        "lit": "^2.1.2",
        "lottie-web": "^5.12.2",
        "pako": "^2.0.4",
        "resize-observer-polyfill": "^1.5.1"
      }
    },
    "node_modules/@types/pako": {
      "version": "1.0.7",
      "license": "MIT",
      "peer": true
    },
    "node_modules/@types/trusted-types": {
      "version": "2.0.7",
      "license": "MIT",
      "peer": true
    },
    "node_modules/core-js": {
      "version": "3.35.1",
      "hasInstallScript": true,
      "license": "MIT",
      "peer": true,
      "funding": {
        "type": "opencollective",
        "url": "https://opencollective.com/core-js"
      }
    },
    "node_modules/js-tokens": {
      "version": "4.0.0",
      "license": "MIT"
    },
    "node_modules/lit": {
      "version": "2.8.0",
      "license": "BSD-3-Clause",
      "peer": true,
      "dependencies": {
        "@lit/reactive-element": "^1.6.0",
        "lit-element": "^3.3.0",
        "lit-html": "^2.8.0"
      }
    },
    "node_modules/lit-element": {
      "version": "3.3.3",
      "license": "BSD-3-Clause",
      "peer": true,
      "dependencies": {
        "@lit-labs/ssr-dom-shim": "^1.1.0",
        "@lit/reactive-element": "^1.3.0",
        "lit-html": "^2.8.0"
      }
    },
    "node_modules/lit-html": {
      "version": "2.8.0",
      "license": "BSD-3-Clause",
      "peer": true,
      "dependencies": {
        "@types/trusted-types": "^2.0.2"
      }
    },
    "node_modules/loose-envify": {
      "version": "1.4.0",
      "license": "MIT",
      "dependencies": {
        "js-tokens": "^3.0.0 || ^4.0.0"
      },
      "bin": {
        "loose-envify": "cli.js"
      }
    },
    "node_modules/lottie-web": {
      "version": "5.12.2",
      "license": "MIT",
      "peer": true
    },
    "node_modules/pako": {
      "version": "2.1.0",
      "license": "(MIT AND Zlib)",
      "peer": true
    },
    "node_modules/react": {
      "version": "18.2.0",
      "resolved": "https://registry.npmjs.org/react/-/react-18.2.0.tgz",
      "integrity": "sha512-/3IjMdb2L9QbBdWiW5e3P2/npwMBaU9mHCSCUzNln0ZCYbcfTsGbTJrU/kGemdH2IWmB2ioZ+zkxtmq6g09fGQ==",
      "dependencies": {
        "loose-envify": "^1.1.0"
      },
      "engines": {
        "node": ">=0.10.0"
      }
    },
    "node_modules/react-dom": {
      "version": "18.2.0",
      "license": "MIT",
      "peer": true,
      "dependencies": {
        "loose-envify": "^1.1.0",
        "scheduler": "^0.23.0"
      },
      "peerDependencies": {
        "react": "^18.2.0"
      }
    },
    "node_modules/resize-observer-polyfill": {
      "version": "1.5.1",
      "license": "MIT",
      "peer": true
    },
    "node_modules/scheduler": {
      "version": "0.23.0",
      "license": "MIT",
      "peer": true,
      "dependencies": {
        "loose-envify": "^1.1.0"
      }
    }
  },
  "dependencies": {
    "@lit-labs/ssr-dom-shim": {
      "version": "1.1.2",
      "peer": true
    },
    "@lit/reactive-element": {
      "version": "1.6.3",
      "peer": true,
      "requires": {
        "@lit-labs/ssr-dom-shim": "^1.0.0"
      }
    },
    "@lottiefiles/lottie-interactivity": {
      "version": "1.6.2",
      "peer": true,
      "requires": {
        "core-js": "3"
      }
    },
    "@lottiefiles/lottie-player": {
      "version": "2.0.3",
      "peer": true,
      "requires": {
        "@types/pako": "^1.0.1",
        "lit": "^2.1.2",
        "lottie-web": "^5.12.2",
        "pako": "^2.0.4",
        "resize-observer-polyfill": "^1.5.1"
      }
    },
    "@types/pako": {
      "version": "1.0.7",
      "peer": true
    },
    "@types/trusted-types": {
      "version": "2.0.7",
      "peer": true
    },
    "core-js": {
      "version": "3.35.1",
      "peer": true
    },
    "js-tokens": {
      "version": "4.0.0"
    },
    "lit": {
      "version": "2.8.0",
      "peer": true,
      "requires": {
        "@lit/reactive-element": "^1.6.0",
        "lit-element": "^3.3.0",
        "lit-html": "^2.8.0"
      }
    },
    "lit-element": {
      "version": "3.3.3",
      "peer": true,
      "requires": {
        "@lit-labs/ssr-dom-shim": "^1.1.0",
        "@lit/reactive-element": "^1.3.0",
        "lit-html": "^2.8.0"
      }
    },
    "lit-html": {
      "version": "2.8.0",
      "peer": true,
      "requires": {
        "@types/trusted-types": "^2.0.2"
      }
    },
    "loose-envify": {
      "version": "1.4.0",
      "requires": {
        "js-tokens": "^3.0.0 || ^4.0.0"
      }
    },
    "lottie-web": {
      "version": "5.12.2",
      "peer": true
    },
    "pako": {
      "version": "2.1.0",
      "peer": true
    },
    "react": {
      "version": "18.2.0",
      "resolved": "https://registry.npmjs.org/react/-/react-18.2.0.tgz",
      "integrity": "sha512-/3IjMdb2L9QbBdWiW5e3P2/npwMBaU9mHCSCUzNln0ZCYbcfTsGbTJrU/kGemdH2IWmB2ioZ+zkxtmq6g09fGQ==",
      "requires": {
        "loose-envify": "^1.1.0"
      }
    },
    "react-dom": {
      "version": "18.2.0",
      "peer": true,
      "requires": {
        "loose-envify": "^1.1.0",
        "scheduler": "^0.23.0"
      }
    },
    "resize-observer-polyfill": {
      "version": "1.5.1",
      "peer": true
    },
    "scheduler": {
      "version": "0.23.0",
      "peer": true,
      "requires": {
        "loose-envify": "^1.1.0"
      }
    }
  }
}
