{
	"name": "@ulms/ui-drawing-toolbar",
	"version": "1.4.1-dev.0-ULMS-1919",
	"lockfileVersion": 1,
	"requires": true,
	"dependencies": {
		"@icons/material": {
			"version": "0.2.4",
			"resolved": "https://registry.npmjs.org/@icons/material/-/material-0.2.4.tgz",
			"integrity": "sha512-QPcGmICAPbGLGb6F/yNf/KzKqvFx8z5qx3D1yFqVAjoFmXK35EgyW+cJ57Te3CNsmzblwtzakLGFqHPqrfb4Tw=="
		},
		"add-dom-event-listener": {
			"version": "1.1.0",
			"resolved": "https://registry.npmjs.org/add-dom-event-listener/-/add-dom-event-listener-1.1.0.tgz",
			"integrity": "sha512-WCxx1ixHT0GQU9hb0KI/mhgRQhnU+U3GvwY6ZvVjYq8rsihIGoaIOUbY0yMPBxLH5MDtr0kz3fisWGNcbWW7Jw==",
			"requires": {
				"object-assign": "4.x"
			}
		},
		"babel-runtime": {
			"version": "6.26.0",
			"resolved": "https://registry.npmjs.org/babel-runtime/-/babel-runtime-6.26.0.tgz",
			"integrity": "sha1-llxwWGaOgrVde/4E/yM3vItWR/4=",
			"requires": {
				"core-js": "^2.4.0",
				"regenerator-runtime": "^0.11.0"
			}
		},
		"classnames": {
			"version": "2.2.6",
			"resolved": "https://registry.npmjs.org/classnames/-/classnames-2.2.6.tgz",
			"integrity": "sha512-JR/iSQOSt+LQIWwrwEzJ9uk0xfN3mTVYMwt1Ir5mUcSN6pU+V4zQFFaJsclJbPuAUQH+yfWef6tm7l1quW3C8Q=="
		},
		"classnames-es": {
			"version": "2.2.6",
			"resolved": "https://registry.npmjs.org/classnames-es/-/classnames-es-2.2.6.tgz",
			"integrity": "sha1-IjJ/UBOskLP2jG0B0Tiz8xRDfrw="
		},
		"component-classes": {
			"version": "1.2.6",
			"resolved": "https://registry.npmjs.org/component-classes/-/component-classes-1.2.6.tgz",
			"integrity": "sha1-xkI5TDYYpNiwuJGe/Mu9kw5c1pE=",
			"requires": {
				"component-indexof": "0.0.3"
			}
		},
		"component-indexof": {
			"version": "0.0.3",
			"resolved": "https://registry.npmjs.org/component-indexof/-/component-indexof-0.0.3.tgz",
			"integrity": "sha1-EdCRMSI5648yyPJa6csAL/6NPCQ="
		},
		"core-js": {
			"version": "2.6.12",
			"resolved": "https://registry.npmjs.org/core-js/-/core-js-2.6.12.tgz",
			"integrity": "sha512-Kb2wC0fvsWfQrgk8HU5lW6U/Lcs8+9aaYcy4ZFc6DDlo4nZ7n70dEgE5rtR0oG6ufKDUnrwfWL1mXR5ljDatrQ=="
		},
		"css-animation": {
			"version": "1.6.1",
			"resolved": "https://registry.npmjs.org/css-animation/-/css-animation-1.6.1.tgz",
			"integrity": "sha512-/48+/BaEaHRY6kNQ2OIPzKf9A6g8WjZYjhiNDNuIVbsm5tXCGIAsHDjB4Xu1C4vXJtUWZo26O68OQkDpNBaPog==",
			"requires": {
				"babel-runtime": "6.x",
				"component-classes": "^1.2.5"
			}
		},
		"deep-diff": {
			"version": "1.0.2",
			"resolved": "https://registry.npmjs.org/deep-diff/-/deep-diff-1.0.2.tgz",
			"integrity": "sha512-aWS3UIVH+NPGCD1kki+DCU9Dua032iSsO43LqQpcs4R3+dVv7tX0qBGjiVHJHjplsoUM2XRO/KB92glqc68awg=="
		},
		"deepmerge": {
			"version": "4.2.2",
			"resolved": "https://registry.npmjs.org/deepmerge/-/deepmerge-4.2.2.tgz",
			"integrity": "sha512-FJ3UgI4gIl+PHZm53knsuSFpE+nESMr7M4v9QcgB7S63Kj/6WqMiFQJpBBYz1Pt+66bZpP3Q7Lye0Oo9MPKEdg=="
		},
		"dom-align": {
			"version": "1.12.0",
			"resolved": "https://registry.npmjs.org/dom-align/-/dom-align-1.12.0.tgz",
			"integrity": "sha512-YkoezQuhp3SLFGdOlr5xkqZ640iXrnHAwVYcDg8ZKRUtO7mSzSC2BA5V0VuyAwPSJA4CLIc6EDDJh4bEsD2+zA=="
		},
		"exenv": {
			"version": "1.2.2",
			"resolved": "https://registry.npmjs.org/exenv/-/exenv-1.2.2.tgz",
			"integrity": "sha1-KueOhdmJQVhnCwPUe+wfA72Ru50="
		},
		"is-lite": {
			"version": "0.4.1",
			"resolved": "https://registry.npmjs.org/is-lite/-/is-lite-0.4.1.tgz",
			"integrity": "sha512-diPJE2qrrPa+C+Yqj15XngeLawX4QukXI2J5f3jJ26ap2sv20WyecdHM72b/lHGuJAHhx2Qn7Nx5IsZDDS0crg=="
		},
		"js-tokens": {
			"version": "4.0.0",
			"resolved": "https://registry.npmjs.org/js-tokens/-/js-tokens-4.0.0.tgz",
			"integrity": "sha512-RdJUflcE3cUzKiMqQgsCu06FPu9UdIJO0beYbPhHN4k6apgJtifcoCtT9bcxOpYBtpD2kCM6Sbzg4CausW/PKQ=="
		},
		"lodash": {
			"version": "4.17.21",
			"resolved": "https://registry.npmjs.org/lodash/-/lodash-4.17.21.tgz",
			"integrity": "sha512-v2kDEe57lecTulaDIuNTPy3Ry4gLGJ6Z1O3vE1krgXZNrsQ+LFTGHVxVjcXPs17LhbZVGedAJv8XZ1tvj5FvSg=="
		},
		"loose-envify": {
			"version": "1.4.0",
			"resolved": "https://registry.npmjs.org/loose-envify/-/loose-envify-1.4.0.tgz",
			"integrity": "sha512-lyuxPGr/Wfhrlem2CL/UcnUc1zcqKAImBDzukY7Y5F/yQiNdko6+fRLevlw1HgMySw7f611UIY408EtxRSoK3Q==",
			"requires": {
				"js-tokens": "^3.0.0 || ^4.0.0"
			}
		},
		"material-colors": {
			"version": "1.2.6",
			"resolved": "https://registry.npmjs.org/material-colors/-/material-colors-1.2.6.tgz",
			"integrity": "sha512-6qE4B9deFBIa9YSpOc9O0Sgc43zTeVYbgDT5veRKSlB2+ZuHNoVVxA1L/ckMUayV9Ay9y7Z/SZCLcGteW9i7bg=="
		},
		"nested-property": {
			"version": "0.0.7",
			"resolved": "https://registry.npmjs.org/nested-property/-/nested-property-0.0.7.tgz",
			"integrity": "sha1-/yIvIzyoeTxoKLQRcJG+pZcTD08="
		},
		"object-assign": {
			"version": "4.1.1",
			"resolved": "https://registry.npmjs.org/object-assign/-/object-assign-4.1.1.tgz",
			"integrity": "sha1-IQmtx5ZYh8/AXLvUQsrIv7s2CGM="
		},
		"performance-now": {
			"version": "2.1.0",
			"resolved": "https://registry.npmjs.org/performance-now/-/performance-now-2.1.0.tgz",
			"integrity": "sha1-Ywn04OX6kT7BxpMHrjZLSzd8nns="
		},
		"popper.js": {
			"version": "1.16.1",
			"resolved": "https://registry.npmjs.org/popper.js/-/popper.js-1.16.1.tgz",
			"integrity": "sha512-Wb4p1J4zyFTbM+u6WuO4XstYx4Ky9Cewe4DWrel7B0w6VVICvPwdOpotjzcf6eD8TsckVnIMNONQyPIUFOUbCQ=="
		},
		"prop-types": {
			"version": "15.7.2",
			"resolved": "https://registry.npmjs.org/prop-types/-/prop-types-15.7.2.tgz",
			"integrity": "sha512-8QQikdH7//R2vurIJSutZ1smHYTcLpRWEOlHnzcWHmBYrOGUysKwSsrC89BCiFj3CbrfJ/nXFdJepOVrY1GCHQ==",
			"requires": {
				"loose-envify": "^1.4.0",
				"object-assign": "^4.1.1",
				"react-is": "^16.8.1"
			}
		},
		"raf": {
			"version": "3.4.1",
			"resolved": "https://registry.npmjs.org/raf/-/raf-3.4.1.tgz",
			"integrity": "sha512-Sq4CW4QhwOHE8ucn6J34MqtZCeWFP2aQSmrlroYgqAV1PjStIhJXxYuTgUIfkEk7zTLjmIjLmU5q+fbD1NnOJA==",
			"requires": {
				"performance-now": "^2.1.0"
			}
		},
		"ramda": {
			"version": "0.26.1",
			"resolved": "https://registry.npmjs.org/ramda/-/ramda-0.26.1.tgz",
			"integrity": "sha512-hLWjpy7EnsDBb0p+Z3B7rPi3GDeRG5ZtiI33kJhTt+ORCd38AbAIjB/9zRIUoeTbE/AVX5ZkU7m6bznsvrf8eQ=="
		},
		"rc-align": {
			"version": "2.4.5",
			"resolved": "https://registry.npmjs.org/rc-align/-/rc-align-2.4.5.tgz",
			"integrity": "sha512-nv9wYUYdfyfK+qskThf4BQUSIadeI/dCsfaMZfNEoxm9HwOIioQ+LyqmMK6jWHAZQgOzMLaqawhuBXlF63vgjw==",
			"requires": {
				"babel-runtime": "^6.26.0",
				"dom-align": "^1.7.0",
				"prop-types": "^15.5.8",
				"rc-util": "^4.0.4"
			}
		},
		"rc-animate": {
			"version": "2.11.1",
			"resolved": "https://registry.npmjs.org/rc-animate/-/rc-animate-2.11.1.tgz",
			"integrity": "sha512-1NyuCGFJG/0Y+9RKh5y/i/AalUCA51opyyS/jO2seELpgymZm2u9QV3xwODwEuzkmeQ1BDPxMLmYLcTJedPlkQ==",
			"requires": {
				"babel-runtime": "6.x",
				"classnames": "^2.2.6",
				"css-animation": "^1.3.2",
				"prop-types": "15.x",
				"raf": "^3.4.0",
				"rc-util": "^4.15.3",
				"react-lifecycles-compat": "^3.0.4"
			}
		},
		"rc-slider": {
			"version": "8.6.13",
			"resolved": "https://registry.npmjs.org/rc-slider/-/rc-slider-8.6.13.tgz",
			"integrity": "sha512-fCUe8pPn8n9pq1ARX44nN2nzJoATtna4x/PdskUrxIvZXN8ja7HuceN/hq6kokZjo3FBD2B1yMZvZh6oi68l6Q==",
			"requires": {
				"babel-runtime": "6.x",
				"classnames": "^2.2.5",
				"prop-types": "^15.5.4",
				"rc-tooltip": "^3.7.0",
				"rc-util": "^4.0.4",
				"shallowequal": "^1.0.1",
				"warning": "^4.0.3"
			}
		},
		"rc-tooltip": {
			"version": "3.7.3",
			"resolved": "https://registry.npmjs.org/rc-tooltip/-/rc-tooltip-3.7.3.tgz",
			"integrity": "sha512-dE2ibukxxkrde7wH9W8ozHKUO4aQnPZ6qBHtrTH9LoO836PjDdiaWO73fgPB05VfJs9FbZdmGPVEbXCeOP99Ww==",
			"requires": {
				"babel-runtime": "6.x",
				"prop-types": "^15.5.8",
				"rc-trigger": "^2.2.2"
			}
		},
		"rc-trigger": {
			"version": "2.6.5",
			"resolved": "https://registry.npmjs.org/rc-trigger/-/rc-trigger-2.6.5.tgz",
			"integrity": "sha512-m6Cts9hLeZWsTvWnuMm7oElhf+03GOjOLfTuU0QmdB9ZrW7jR2IpI5rpNM7i9MvAAlMAmTx5Zr7g3uu/aMvZAw==",
			"requires": {
				"babel-runtime": "6.x",
				"classnames": "^2.2.6",
				"prop-types": "15.x",
				"rc-align": "^2.4.0",
				"rc-animate": "2.x",
				"rc-util": "^4.4.0",
				"react-lifecycles-compat": "^3.0.4"
			}
		},
		"rc-util": {
			"version": "4.21.1",
			"resolved": "https://registry.npmjs.org/rc-util/-/rc-util-4.21.1.tgz",
			"integrity": "sha512-Z+vlkSQVc1l8O2UjR3WQ+XdWlhj5q9BMQNLk2iOBch75CqPfrJyGtcWMcnhRlNuDu0Ndtt4kLVO8JI8BrABobg==",
			"requires": {
				"add-dom-event-listener": "^1.1.0",
				"prop-types": "^15.5.10",
				"react-is": "^16.12.0",
				"react-lifecycles-compat": "^3.0.4",
				"shallowequal": "^1.1.0"
			}
		},
		"react-color": {
			"version": "2.17.3",
			"resolved": "https://registry.npmjs.org/react-color/-/react-color-2.17.3.tgz",
			"integrity": "sha512-1dtO8LqAVotPIChlmo6kLtFS1FP89ll8/OiA8EcFRDR+ntcK+0ukJgByuIQHRtzvigf26dV5HklnxDIvhON9VQ==",
			"requires": {
				"@icons/material": "^0.2.4",
				"lodash": "^4.17.11",
				"material-colors": "^1.2.1",
				"prop-types": "^15.5.10",
				"reactcss": "^1.2.0",
				"tinycolor2": "^1.4.1"
			}
		},
		"react-dom": {
			"version": "16.14.0",
			"resolved": "https://registry.npmjs.org/react-dom/-/react-dom-16.14.0.tgz",
			"integrity": "sha512-1gCeQXDLoIqMgqD3IO2Ah9bnf0w9kzhwN5q4FGnHZ67hBm9yePzB5JJAIQCc8x3pFnNlwFq4RidZggNAAkzWWw==",
			"dev": true,
			"requires": {
				"loose-envify": "^1.1.0",
				"object-assign": "^4.1.1",
				"prop-types": "^15.6.2",
				"scheduler": "^0.19.1"
			}
		},
		"react-floater": {
			"version": "0.6.5",
			"resolved": "https://registry.npmjs.org/react-floater/-/react-floater-0.6.5.tgz",
			"integrity": "sha512-UKXfqwJwYVIIx8m8WDCSJvZ0DWNoN6dELL2j9234fJTXjQVgyeeRpGQI8yuNjaxBwxR5we4+r8+TNLkqshmlkg==",
			"requires": {
				"deepmerge": "^4.0.0",
				"exenv": "^1.2.2",
				"is-lite": "^0.4.0",
				"popper.js": "^1.15.0",
				"react-proptype-conditional-require": "^1.0.4",
				"tree-changes": "^0.4.0"
			}
		},
		"react-is": {
			"version": "16.13.1",
			"resolved": "https://registry.npmjs.org/react-is/-/react-is-16.13.1.tgz",
			"integrity": "sha512-24e6ynE2H+OKt4kqsOvNd8kBpV65zoxbA4BVsEOB3ARVWQki/DHzaUoC5KuON/BiccDaCCTZBuOcfZs70kR8bQ=="
		},
		"react-lifecycles-compat": {
			"version": "3.0.4",
			"resolved": "https://registry.npmjs.org/react-lifecycles-compat/-/react-lifecycles-compat-3.0.4.tgz",
			"integrity": "sha512-fBASbA6LnOU9dOU2eW7aQ8xmYBSXUIWr+UmF9b1efZBazGNO+rcXT/icdKnYm2pTwcRylVUYwW7H1PHfLekVzA=="
		},
		"react-proptype-conditional-require": {
			"version": "1.0.4",
			"resolved": "https://registry.npmjs.org/react-proptype-conditional-require/-/react-proptype-conditional-require-1.0.4.tgz",
			"integrity": "sha1-acLVdB5t9eCPIw82u8KUTuEiJVU="
		},
		"reactcss": {
			"version": "1.2.3",
			"resolved": "https://registry.npmjs.org/reactcss/-/reactcss-1.2.3.tgz",
			"integrity": "sha512-KiwVUcFu1RErkI97ywr8nvx8dNOpT03rbnma0SSalTYjkrPYaEajR4a/MRt6DZ46K6arDRbWMNHF+xH7G7n/8A==",
			"requires": {
				"lodash": "^4.0.1"
			}
		},
		"regenerator-runtime": {
			"version": "0.11.1",
			"resolved": "https://registry.npmjs.org/regenerator-runtime/-/regenerator-runtime-0.11.1.tgz",
			"integrity": "sha512-MguG95oij0fC3QV3URf4V2SDYGJhJnJGqvIIgdECeODCT98wSWDAJ94SSuVpYQUoTcGUIL6L4yNB7j1DFFHSBg=="
		},
		"scheduler": {
			"version": "0.19.1",
			"resolved": "https://registry.npmjs.org/scheduler/-/scheduler-0.19.1.tgz",
			"integrity": "sha512-n/zwRWRYSUj0/3g/otKDRPMh6qv2SYMWNq85IEa8iZyAv8od9zDYpGSnpBEjNgcMNq6Scbu5KfIPxNF72R/2EA==",
			"dev": true,
			"requires": {
				"loose-envify": "^1.1.0",
				"object-assign": "^4.1.1"
			}
		},
		"shallowequal": {
			"version": "1.1.0",
			"resolved": "https://registry.npmjs.org/shallowequal/-/shallowequal-1.1.0.tgz",
			"integrity": "sha512-y0m1JoUZSlPAjXVtPPW70aZWfIL/dSP7AFkRnniLCrK/8MDKog3TySTBmckD+RObVxH0v4Tox67+F14PdED2oQ=="
		},
		"tinycolor2": {
			"version": "1.4.2",
			"resolved": "https://registry.npmjs.org/tinycolor2/-/tinycolor2-1.4.2.tgz",
			"integrity": "sha512-vJhccZPs965sV/L2sU4oRQVAos0pQXwsvTLkWYdqJ+a8Q5kPFzJTuOFwy7UniPli44NKQGAglksjvOcpo95aZA=="
		},
		"tree-changes": {
			"version": "0.4.0",
			"resolved": "https://registry.npmjs.org/tree-changes/-/tree-changes-0.4.0.tgz",
			"integrity": "sha512-ayVwCHFCCm2LtaEqf2cbgt9Em8QTnn6nIMFZErAE4XwdPawRmSSE+AUUrt6MZmwxPqELSH3ZAcOTOkpIvCxhew==",
			"requires": {
				"deep-diff": "^1.0.2",
				"nested-property": "0.0.7"
			}
		},
		"warning": {
			"version": "4.0.3",
			"resolved": "https://registry.npmjs.org/warning/-/warning-4.0.3.tgz",
			"integrity": "sha512-rpJyN222KWIvHJ/F53XSZv0Zl/accqHR8et1kpaMTD/fLCRxtV8iX8czMzY7sVZupTI3zcUTg8eycS2kNF9l6w==",
			"requires": {
				"loose-envify": "^1.0.0"
			}
		}
	}
}
